// !$*UTF8*$!
{
	archiveVersion = 1;
	classes = {
	};
	objectVersion = 50;
	objects = {

/* Begin PBXBuildFile section */
		55FB4BD023E7709D002CB74B /* AppDelegate.swift in Sources */ = {isa = PBXBuildFile; fileRef = 55FB4BCF23E7709D002CB74B /* AppDelegate.swift */; };
		55FB4BD223E7709D002CB74B /* SceneDelegate.swift in Sources */ = {isa = PBXBuildFile; fileRef = 55FB4BD123E7709D002CB74B /* SceneDelegate.swift */; };
		55FB4BD423E7709D002CB74B /* ContentView.swift in Sources */ = {isa = PBXBuildFile; fileRef = 55FB4BD323E7709D002CB74B /* ContentView.swift */; };
		55FB4BD623E7709E002CB74B /* Assets.xcassets in Resources */ = {isa = PBXBuildFile; fileRef = 55FB4BD523E7709E002CB74B /* Assets.xcassets */; };
		55FB4BD923E7709E002CB74B /* Preview Assets.xcassets in Resources */ = {isa = PBXBuildFile; fileRef = 55FB4BD823E7709E002CB74B /* Preview Assets.xcassets */; };
		55FB4BDC23E7709E002CB74B /* LaunchScreen.storyboard in Resources */ = {isa = PBXBuildFile; fileRef = 55FB4BDA23E7709E002CB74B /* LaunchScreen.storyboard */; };
/* End PBXBuildFile section */

/* Begin PBXFileReference section */
		55FB4BCC23E7709D002CB74B /* AppcodaGitTutorial.app */ = {isa = PBXFileReference; explicitFileType = wrapper.application; includeInIndex = 0; path = AppcodaGitTutorial.app; sourceTree = BUILT_PRODUCTS_DIR; };
		55FB4BCF23E7709D002CB74B /* AppDelegate.swift */ = {isa = PBXFileReference; lastKnownFileType = sourcecode.swift; path = AppDelegate.swift; sourceTree = "<group>"; };
		55FB4BD123E7709D002CB74B /* SceneDelegate.swift */ = {isa = PBXFileReference; lastKnownFileType = sourcecode.swift; path = SceneDelegate.swift; sourceTree = "<group>"; };
		55FB4BD323E7709D002CB74B /* ContentView.swift */ = {isa = PBXFileReference; lastKnownFileType = sourcecode.swift; path = ContentView.swift; sourceTree = "<group>"; };
		55FB4BD523E7709E002CB74B /* Assets.xcassets */ = {isa = PBXFileReference; lastKnownFileType = folder.assetcatalog; path = Assets.xcassets; sourceTree = "<group>"; };
		55FB4BD823E7709E002CB74B /* Preview Assets.xcassets */ = {isa = PBXFileReference; lastKnownFileType = folder.assetcatalog; path = "Preview Assets.xcassets"; sourceTree = "<group>"; };
		55FB4BDB23E7709E002CB74B /* Base */ = {isa = PBXFileReference; lastKnownFileType = file.storyboard; name = Base; path = Base.lproj/LaunchScreen.storyboard; sourceTree = "<group>"; };
		55FB4BDD23E7709E002CB74B /* Info.plist */ = {isa = PBXFileReference; lastKnownFileType = text.plist.xml; path = Info.plist; sourceTree = "<group>"; };
/* End PBXFileReference section */

/* Begin PBXFrameworksBuildPhase section */
		55FB4BC923E7709D002CB74B /* Frameworks */ = {
			isa = PBXFrameworksBuildPhase;
			buildActionMask = 2147483647;
			files = (
			);
			runOnlyForDeploymentPostprocessing = 0;
		};
/* End PBXFrameworksBuildPhase section */

/* Begin PBXGroup section */
		55FB4BC323E7709D002CB74B = {
			isa = PBXGroup;
			children = (
				55FB4BCE23E7709D002CB74B /* AppcodaGitTutorial */,
				55FB4BCD23E7709D002CB74B /* Products */,
			);
			sourceTree = "<group>";
		};
		55FB4BCD23E7709D002CB74B /* Products */ = {
			isa = PBXGroup;
			children = (
				55FB4BCC23E7709D002CB74B /* AppcodaGitTutorial.app */,
			);
			name = Products;
			sourceTree = "<group>";
		};
		55FB4BCE23E7709D002CB74B /* AppcodaGitTutorial */ = {
			isa = PBXGroup;
			children = (
				55FB4BCF23E7709D002CB74B /* AppDelegate.swift */,
				55FB4BD123E7709D002CB74B /* SceneDelegate.swift */,
				55FB4BD323E7709D002CB74B /* ContentView.swift */,
				55FB4BD523E7709E002CB74B /* Assets.xcassets */,
				55FB4BDA23E7709E002CB74B /* LaunchScreen.storyboard */,
				55FB4BDD23E7709E002CB74B /* Info.plist */,
				55FB4BD723E7709E002CB74B /* Preview Content */,
			);
			path = AppcodaGitTutorial;
			sourceTree = "<group>";
		};
		55FB4BD723E7709E002CB74B /* Preview Content */ = {
			isa = PBXGroup;
			children = (
				55FB4BD823E7709E002CB74B /* Preview Assets.xcassets */,
			);
			path = "Preview Content";
			sourceTree = "<group>";
		};
/* End PBXGroup section */

/* Begin PBXNativeTarget section */
		55FB4BCB23E7709D002CB74B /* AppcodaGitTutorial */ = {
			isa = PBXNativeTarget;
			buildConfigurationList = 55FB4BE023E7709E002CB74B /* Build configuration list for PBXNativeTarget "AppcodaGitTutorial" */;
			buildPhases = (
				55FB4BC823E7709D002CB74B /* Sources */,
				55FB4BC923E7709D002CB74B /* Frameworks */,
				55FB4BCA23E7709D002CB74B /* Resources */,
			);
			buildRules = (
			);
			dependencies = (
			);
			name = AppcodaGitTutorial;
			productName = AppcodaGitTutorial;
			productReference = 55FB4BCC23E7709D002CB74B /* AppcodaGitTutorial.app */;
			productType = "com.apple.product-type.application";
		};
/* End PBXNativeTarget section */

/* Begin PBXProject section */
		55FB4BC423E7709D002CB74B /* Project object */ = {
			isa = PBXProject;
			attributes = {
				LastSwiftUpdateCheck = 1130;
				LastUpgradeCheck = 1130;
				ORGANIZATIONNAME = Dave;
				TargetAttributes = {
					55FB4BCB23E7709D002CB74B = {
						CreatedOnToolsVersion = 11.3.1;
					};
				};
			};
			buildConfigurationList = 55FB4BC723E7709D002CB74B /* Build configuration list for PBXProject "AppcodaGitTutorial" */;
			compatibilityVersion = "Xcode 9.3";
			developmentRegion = en;
			hasScannedForEncodings = 0;
			knownRegions = (
				en,
				Base,
			);
			mainGroup = 55FB4BC323E7709D002CB74B;
			productRefGroup = 55FB4BCD23E7709D002CB74B /* Products */;
			projectDirPath = "";
			projectRoot = "";
			targets = (
				55FB4BCB23E7709D002CB74B /* AppcodaGitTutorial */,
			);
		};
/* End PBXProject section */

/* Begin PBXResourcesBuildPhase section */
		55FB4BCA23E7709D002CB74B /* Resources */ = {
			isa = PBXResourcesBuildPhase;
			buildActionMask = 2147483647;
			files = (
				55FB4BDC23E7709E002CB74B /* LaunchScreen.storyboard in Resources */,
				55FB4BD923E7709E002CB74B /* Preview Assets.xcassets in Resources */,
				55FB4BD623E7709E002CB74B /* Assets.xcassets in Resources */,
			);
			runOnlyForDeploymentPostprocessing = 0;
		};
/* End PBXResourcesBuildPhase section */

/* Begin PBXSourcesBuildPhase section */
		55FB4BC823E7709D002CB74B /* Sources */ = {
			isa = PBXSourcesBuildPhase;
			buildActionMask = 2147483647;
			files = (
				55FB4BD023E7709D002CB74B /* AppDelegate.swift in Sources */,
				55FB4BD223E7709D002CB74B /* SceneDelegate.swift in Sources */,
				55FB4BD423E7709D002CB74B /* ContentView.swift in Sources */,
			);
			runOnlyForDeploymentPostprocessing = 0;
		};
/* End PBXSourcesBuildPhase section */

/* Begin PBXVariantGroup section */
		55FB4BDA23E7709E002CB74B /* LaunchScreen.storyboard */ = {
			isa = PBXVariantGroup;
			children = (
				55FB4BDB23E7709E002CB74B /* Base */,
			);
			name = LaunchScreen.storyboard;
			sourceTree = "<group>";
		};
/* End PBXVariantGroup section */

/* Begin XCBuildConfiguration section */
		55FB4BDE23E7709E002CB74B /* Debug */ = {
			isa = XCBuildConfiguration;
			buildSettings = {
				ALWAYS_SEARCH_USER_PATHS = NO;
				CLANG_ANALYZER_NONNULL = YES;
				CLANG_ANALYZER_NUMBER_OBJECT_CONVERSION = YES_AGGRESSIVE;
				CLANG_CXX_LANGUAGE_STANDARD = "gnu++14";
				CLANG_CXX_LIBRARY = "libc++";
				CLANG_ENABLE_MODULES = YES;
				CLANG_ENABLE_OBJC_ARC = YES;
				CLANG_ENABLE_OBJC_WEAK = YES;
				CLANG_WARN_BLOCK_CAPTURE_AUTORELEASING = YES;
				CLANG_WARN_BOOL_CONVERSION = YES;
				CLANG_WARN_COMMA = YES;
				CLANG_WARN_CONSTANT_CONVERSION = YES;
				CLANG_WARN_DEPRECATED_OBJC_IMPLEMENTATIONS = YES;
				CLANG_WARN_DIRECT_OBJC_ISA_USAGE = YES_ERROR;
				CLANG_WARN_DOCUMENTATION_COMMENTS = YES;
				CLANG_WARN_EMPTY_BODY = YES;
				CLANG_WARN_ENUM_CONVERSION = YES;
				CLANG_WARN_INFINITE_RECURSION = YES;
				CLANG_WARN_INT_CONVERSION = YES;
				CLANG_WARN_NON_LITERAL_NULL_CONVERSION = YES;
				CLANG_WARN_OBJC_IMPLICIT_RETAIN_SELF = YES;
				CLANG_WARN_OBJC_LITERAL_CONVERSION = YES;
				CLANG_WARN_OBJC_ROOT_CLASS = YES_ERROR;
				CLANG_WARN_RANGE_LOOP_ANALYSIS = YES;
				CLANG_WARN_STRICT_PROTOTYPES = YES;
				CLANG_WARN_SUSPICIOUS_MOVE = YES;
				CLANG_WARN_UNGUARDED_AVAILABILITY = YES_AGGRESSIVE;
				CLANG_WARN_UNREACHABLE_CODE = YES;
				CLANG_WARN__DUPLICATE_METHOD_MATCH = YES;
				COPY_PHASE_STRIP = NO;
				DEBUG_INFORMATION_FORMAT = dwarf;
				ENABLE_STRICT_OBJC_MSGSEND = YES;
				ENABLE_TESTABILITY = YES;
				GCC_C_LANGUAGE_STANDARD = gnu11;
				GCC_DYNAMIC_NO_PIC = NO;
				GCC_NO_COMMON_BLOCKS = YES;
				GCC_OPTIMIZATION_LEVEL = 0;
				GCC_PREPROCESSOR_DEFINITIONS = (
					"DEBUG=1",
					"$(inherited)",
				);
				GCC_WARN_64_TO_32_BIT_CONVERSION = YES;
				GCC_WARN_ABOUT_RETURN_TYPE = YES_ERROR;
				GCC_WARN_UNDECLARED_SELECTOR = YES;
				GCC_WARN_UNINITIALIZED_AUTOS = YES_AGGRESSIVE;
				GCC_WARN_UNUSED_FUNCTION = YES;
				GCC_WARN_UNUSED_VARIABLE = YES;
				IPHONEOS_DEPLOYMENT_TARGET = 13.2;
				MTL_ENABLE_DEBUG_INFO = INCLUDE_SOURCE;
				MTL_FAST_MATH = YES;
				ONLY_ACTIVE_ARCH = YES;
				SDKROOT = iphoneos;
				SWIFT_ACTIVE_COMPILATION_CONDITIONS = DEBUG;
				SWIFT_OPTIMIZATION_LEVEL = "-Onone";
			};
			name = Debug;
		};
		55FB4BDF23E7709E002CB74B /* Release */ = {
			isa = XCBuildConfiguration;
			buildSettings = {
				ALWAYS_SEARCH_USER_PATHS = NO;
				CLANG_ANALYZER_NONNULL = YES;
				CLANG_ANALYZER_NUMBER_OBJECT_CONVERSION = YES_AGGRESSIVE;
				CLANG_CXX_LANGUAGE_STANDARD = "gnu++14";
				CLANG_CXX_LIBRARY = "libc++";
				CLANG_ENABLE_MODULES = YES;
				CLANG_ENABLE_OBJC_ARC = YES;
				CLANG_ENABLE_OBJC_WEAK = YES;
				CLANG_WARN_BLOCK_CAPTURE_AUTORELEASING = YES;
				CLANG_WARN_BOOL_CONVERSION = YES;
				CLANG_WARN_COMMA = YES;
				CLANG_WARN_CONSTANT_CONVERSION = YES;
				CLANG_WARN_DEPRECATED_OBJC_IMPLEMENTATIONS = YES;
				CLANG_WARN_DIRECT_OBJC_ISA_USAGE = YES_ERROR;
				CLANG_WARN_DOCUMENTATION_COMMENTS = YES;
				CLANG_WARN_EMPTY_BODY = YES;
				CLANG_WARN_ENUM_CONVERSION = YES;
				CLANG_WARN_INFINITE_RECURSION = YES;
				CLANG_WARN_INT_CONVERSION = YES;
				CLANG_WARN_NON_LITERAL_NULL_CONVERSION = YES;
				CLANG_WARN_OBJC_IMPLICIT_RETAIN_SELF = YES;
				CLANG_WARN_OBJC_LITERAL_CONVERSION = YES;
				CLANG_WARN_OBJC_ROOT_CLASS = YES_ERROR;
				CLANG_WARN_RANGE_LOOP_ANALYSIS = YES;
				CLANG_WARN_STRICT_PROTOTYPES = YES;
				CLANG_WARN_SUSPICIOUS_MOVE = YES;
				CLANG_WARN_UNGUARDED_AVAILABILITY = YES_AGGRESSIVE;
				CLANG_WARN_UNREACHABLE_CODE = YES;
				CLANG_WARN__DUPLICATE_METHOD_MATCH = YES;
				COPY_PHASE_STRIP = NO;
				DEBUG_INFORMATION_FORMAT = "dwarf-with-dsym";
				ENABLE_NS_ASSERTIONS = NO;
				ENABLE_STRICT_OBJC_MSGSEND = YES;
				GCC_C_LANGUAGE_STANDARD = gnu11;
				GCC_NO_COMMON_BLOCKS = YES;
				GCC_WARN_64_TO_32_BIT_CONVERSION = YES;
				GCC_WARN_ABOUT_RETURN_TYPE = YES_ERROR;
				GCC_WARN_UNDECLARED_SELECTOR = YES;
				GCC_WARN_UNINITIALIZED_AUTOS = YES_AGGRESSIVE;
				GCC_WARN_UNUSED_FUNCTION = YES;
				GCC_WARN_UNUSED_VARIABLE = YES;
				IPHONEOS_DEPLOYMENT_TARGET = 13.2;
				MTL_ENABLE_DEBUG_INFO = NO;
				MTL_FAST_MATH = YES;
				SDKROOT = iphoneos;
				SWIFT_COMPILATION_MODE = wholemodule;
				SWIFT_OPTIMIZATION_LEVEL = "-O";
				VALIDATE_PRODUCT = YES;
			};
			name = Release;
		};
		55FB4BE123E7709E002CB74B /* Debug */ = {
			isa = XCBuildConfiguration;
			buildSettings = {
				ASSETCATALOG_COMPILER_APPICON_NAME = AppIcon;
				CODE_SIGN_STYLE = Automatic;
				DEVELOPMENT_ASSET_PATHS = "\"AppcodaGitTutorial/Preview Content\"";
				DEVELOPMENT_TEAM = M88JZBRDG5;
				ENABLE_PREVIEWS = YES;
				INFOPLIST_FILE = AppcodaGitTutorial/Info.plist;
				LD_RUNPATH_SEARCH_PATHS = (
					"$(inherited)",
					"@executable_path/Frameworks",
				);
				PRODUCT_BUNDLE_IDENTIFIER = daveSly.AppcodaGitTutorial;
				PRODUCT_NAME = "$(TARGET_NAME)";
				SWIFT_VERSION = 5.0;
				TARGETED_DEVICE_FAMILY = "1,2";
			};
			name = Debug;
		};
		55FB4BE223E7709E002CB74B /* Release */ = {
			isa = XCBuildConfiguration;
			buildSettings = {
				ASSETCATALOG_COMPILER_APPICON_NAME = AppIcon;
				CODE_SIGN_STYLE = Automatic;
				DEVELOPMENT_ASSET_PATHS = "\"AppcodaGitTutorial/Preview Content\"";
				DEVELOPMENT_TEAM = M88JZBRDG5;
				ENABLE_PREVIEWS = YES;
				INFOPLIST_FILE = AppcodaGitTutorial/Info.plist;
				LD_RUNPATH_SEARCH_PATHS = (
					"$(inherited)",
					"@executable_path/Frameworks",
				);
				PRODUCT_BUNDLE_IDENTIFIER = daveSly.AppcodaGitTutorial;
				PRODUCT_NAME = "$(TARGET_NAME)";
				SWIFT_VERSION = 5.0;
				TARGETED_DEVICE_FAMILY = "1,2";
			};
			name = Release;
		};
/* End XCBuildConfiguration section */

/* Begin XCConfigurationList section */
		55FB4BC723E7709D002CB74B /* Build configuration list for PBXProject "AppcodaGitTutorial" */ = {
			isa = XCConfigurationList;
			buildConfigurations = (
				55FB4BDE23E7709E002CB74B /* Debug */,
				55FB4BDF23E7709E002CB74B /* Release */,
			);
			defaultConfigurationIsVisible = 0;
			defaultConfigurationName = Release;
		};
		55FB4BE023E7709E002CB74B /* Build configuration list for PBXNativeTarget "AppcodaGitTutorial" */ = {
			isa = XCConfigurationList;
			buildConfigurations = (
				55FB4BE123E7709E002CB74B /* Debug */,
				55FB4BE223E7709E002CB74B /* Release */,
			);
			defaultConfigurationIsVisible = 0;
			defaultConfigurationName = Release;
		};
/* End XCConfigurationList section */
	};
	rootObject = 55FB4BC423E7709D002CB74B /* Project object */;
}
